{
  "requires": true,
  "lockfileVersion": 1,
  "dependencies": {
    "dir-to-json": {
      "version": "0.0.3",
      "resolved": "https://registry.npmjs.org/dir-to-json/-/dir-to-json-0.0.3.tgz",
      "integrity": "sha1-VKjoGlcOsSn+TD2A9wEvTTV/5zE=",
      "requires": {
        "q": "^1.0.1"
      }
    },
    "q": {
      "version": "1.5.1",
      "resolved": "https://registry.npmjs.org/q/-/q-1.5.1.tgz",
      "integrity": "sha1-fjL3W0E4EpHQRhHxvxQQmsAGUdc="
    }
  }
}
